
Microsoft Visual Studio Solution File, Format Version 12.00
# Visual Studio Version 16
VisualStudioVersion = 16.0.32428.217
MinimumVisualStudioVersion = 10.0.40219.1
Project("{FAE04EC0-301F-11D3-BF4B-00C04F79EFBC}") = "Wpf_Currency_Converter_With_DB", "Wpf_Currency_Converter_With_DB\Wpf_Currency_Converter_With_DB.csproj", "{51EFFC03-EC11-47D4-A627-B878F4D1D10B}"
EndProject
Global
	GlobalSection(SolutionConfigurationPlatforms) = preSolution
		Debug|Any CPU = Debug|Any CPU
		Release|Any CPU = Release|Any CPU
	EndGlobalSection
	GlobalSection(ProjectConfigurationPlatforms) = postSolution
		{51EFFC03-EC11-47D4-A627-B878F4D1D10B}.Debug|Any CPU.ActiveCfg = Debug|Any CPU
		{51EFFC03-EC11-47D4-A627-B878F4D1D10B}.Debug|Any CPU.Build.0 = Debug|Any CPU
		{51EFFC03-EC11-47D4-A627-B878F4D1D10B}.Release|Any CPU.ActiveCfg = Release|Any CPU
		{51EFFC03-EC11-47D4-A627-B878F4D1D10B}.Release|Any CPU.Build.0 = Release|Any CPU
	EndGlobalSection
	GlobalSection(SolutionProperties) = preSolution
		HideSolutionNode = FALSE
	EndGlobalSection
	GlobalSection(ExtensibilityGlobals) = postSolution
		SolutionGuid = {FD7BACE6-131A-4A3C-92A1-AC95833E8E10}
	EndGlobalSection
EndGlobal
