
Microsoft Visual Studio Solution File, Format Version 12.00
# Visual Studio Version 16
VisualStudioVersion = 16.0.32407.337
MinimumVisualStudioVersion = 10.0.40219.1
Project("{FAE04EC0-301F-11D3-BF4B-00C04F79EFBC}") = "Wpf_Practice7_DataBinding", "Wpf_Practice7_DataBinding\Wpf_Practice7_DataBinding.csproj", "{2056B128-28CA-4A5E-891C-6687672A531F}"
EndProject
Global
	GlobalSection(SolutionConfigurationPlatforms) = preSolution
		Debug|Any CPU = Debug|Any CPU
		Release|Any CPU = Release|Any CPU
	EndGlobalSection
	GlobalSection(ProjectConfigurationPlatforms) = postSolution
		{2056B128-28CA-4A5E-891C-6687672A531F}.Debug|Any CPU.ActiveCfg = Debug|Any CPU
		{2056B128-28CA-4A5E-891C-6687672A531F}.Debug|Any CPU.Build.0 = Debug|Any CPU
		{2056B128-28CA-4A5E-891C-6687672A531F}.Release|Any CPU.ActiveCfg = Release|Any CPU
		{2056B128-28CA-4A5E-891C-6687672A531F}.Release|Any CPU.Build.0 = Release|Any CPU
	EndGlobalSection
	GlobalSection(SolutionProperties) = preSolution
		HideSolutionNode = FALSE
	EndGlobalSection
	GlobalSection(ExtensibilityGlobals) = postSolution
		SolutionGuid = {24C3CFD4-0C0F-49BC-85DE-6F23C1B6BA31}
	EndGlobalSection
EndGlobal
