
Microsoft Visual Studio Solution File, Format Version 12.00
# Visual Studio Version 16
VisualStudioVersion = 16.0.32413.511
MinimumVisualStudioVersion = 10.0.40219.1
Project("{FAE04EC0-301F-11D3-BF4B-00C04F79EFBC}") = "ConsApp_Linq_Demo_2", "ConsApp_Linq_Demo_2\ConsApp_Linq_Demo_2.csproj", "{CAC34DB6-F324-4B95-9E69-44F6FBF58D2D}"
EndProject
Global
	GlobalSection(SolutionConfigurationPlatforms) = preSolution
		Debug|Any CPU = Debug|Any CPU
		Release|Any CPU = Release|Any CPU
	EndGlobalSection
	GlobalSection(ProjectConfigurationPlatforms) = postSolution
		{CAC34DB6-F324-4B95-9E69-44F6FBF58D2D}.Debug|Any CPU.ActiveCfg = Debug|Any CPU
		{CAC34DB6-F324-4B95-9E69-44F6FBF58D2D}.Debug|Any CPU.Build.0 = Debug|Any CPU
		{CAC34DB6-F324-4B95-9E69-44F6FBF58D2D}.Release|Any CPU.ActiveCfg = Release|Any CPU
		{CAC34DB6-F324-4B95-9E69-44F6FBF58D2D}.Release|Any CPU.Build.0 = Release|Any CPU
	EndGlobalSection
	GlobalSection(SolutionProperties) = preSolution
		HideSolutionNode = FALSE
	EndGlobalSection
	GlobalSection(ExtensibilityGlobals) = postSolution
		SolutionGuid = {8D793A2F-832A-4ECA-B046-42E2FCB72E4B}
	EndGlobalSection
EndGlobal
