
Microsoft Visual Studio Solution File, Format Version 12.00
# Visual Studio Version 16
VisualStudioVersion = 16.0.32126.315
MinimumVisualStudioVersion = 10.0.40219.1
Project("{FAE04EC0-301F-11D3-BF4B-00C04F79EFBC}") = "variablesPractice", "variablesPractice\variablesPractice.csproj", "{81DE2345-BC97-48B8-962B-0662B6A26ACD}"
EndProject
Global
	GlobalSection(SolutionConfigurationPlatforms) = preSolution
		Debug|Any CPU = Debug|Any CPU
		Release|Any CPU = Release|Any CPU
	EndGlobalSection
	GlobalSection(ProjectConfigurationPlatforms) = postSolution
		{81DE2345-BC97-48B8-962B-0662B6A26ACD}.Debug|Any CPU.ActiveCfg = Debug|Any CPU
		{81DE2345-BC97-48B8-962B-0662B6A26ACD}.Debug|Any CPU.Build.0 = Debug|Any CPU
		{81DE2345-BC97-48B8-962B-0662B6A26ACD}.Release|Any CPU.ActiveCfg = Release|Any CPU
		{81DE2345-BC97-48B8-962B-0662B6A26ACD}.Release|Any CPU.Build.0 = Release|Any CPU
	EndGlobalSection
	GlobalSection(SolutionProperties) = preSolution
		HideSolutionNode = FALSE
	EndGlobalSection
	GlobalSection(ExtensibilityGlobals) = postSolution
		SolutionGuid = {58F20631-9048-47E7-9EE4-EF43F2A184EF}
	EndGlobalSection
EndGlobal
