
Microsoft Visual Studio Solution File, Format Version 12.00
# Visual Studio Version 16
VisualStudioVersion = 16.0.32228.343
MinimumVisualStudioVersion = 10.0.40219.1
Project("{FAE04EC0-301F-11D3-BF4B-00C04F79EFBC}") = "InheritanceOOProgramPractice", "InheritanceOOProgramPractice\InheritanceOOProgramPractice.csproj", "{3E5E9B7B-2BEB-4CD4-92B9-AF361C55F39C}"
EndProject
Global
	GlobalSection(SolutionConfigurationPlatforms) = preSolution
		Debug|Any CPU = Debug|Any CPU
		Release|Any CPU = Release|Any CPU
	EndGlobalSection
	GlobalSection(ProjectConfigurationPlatforms) = postSolution
		{3E5E9B7B-2BEB-4CD4-92B9-AF361C55F39C}.Debug|Any CPU.ActiveCfg = Debug|Any CPU
		{3E5E9B7B-2BEB-4CD4-92B9-AF361C55F39C}.Debug|Any CPU.Build.0 = Debug|Any CPU
		{3E5E9B7B-2BEB-4CD4-92B9-AF361C55F39C}.Release|Any CPU.ActiveCfg = Release|Any CPU
		{3E5E9B7B-2BEB-4CD4-92B9-AF361C55F39C}.Release|Any CPU.Build.0 = Release|Any CPU
	EndGlobalSection
	GlobalSection(SolutionProperties) = preSolution
		HideSolutionNode = FALSE
	EndGlobalSection
	GlobalSection(ExtensibilityGlobals) = postSolution
		SolutionGuid = {64635F3F-96B7-45DD-AAA0-173697A51F90}
	EndGlobalSection
EndGlobal
