
Microsoft Visual Studio Solution File, Format Version 12.00
# Visual Studio Version 16
VisualStudioVersion = 16.0.32413.511
MinimumVisualStudioVersion = 10.0.40219.1
Project("{FAE04EC0-301F-11D3-BF4B-00C04F79EFBC}") = "Wpf_Practice_Linq_Sql", "Wpf_Practice_Linq_Sql\Wpf_Practice_Linq_Sql.csproj", "{7F2F0630-F2D1-46A8-9B37-626F866C383F}"
EndProject
Global
	GlobalSection(SolutionConfigurationPlatforms) = preSolution
		Debug|Any CPU = Debug|Any CPU
		Release|Any CPU = Release|Any CPU
	EndGlobalSection
	GlobalSection(ProjectConfigurationPlatforms) = postSolution
		{7F2F0630-F2D1-46A8-9B37-626F866C383F}.Debug|Any CPU.ActiveCfg = Debug|Any CPU
		{7F2F0630-F2D1-46A8-9B37-626F866C383F}.Debug|Any CPU.Build.0 = Debug|Any CPU
		{7F2F0630-F2D1-46A8-9B37-626F866C383F}.Release|Any CPU.ActiveCfg = Release|Any CPU
		{7F2F0630-F2D1-46A8-9B37-626F866C383F}.Release|Any CPU.Build.0 = Release|Any CPU
	EndGlobalSection
	GlobalSection(SolutionProperties) = preSolution
		HideSolutionNode = FALSE
	EndGlobalSection
	GlobalSection(ExtensibilityGlobals) = postSolution
		SolutionGuid = {D4212CC4-871A-4554-BD1C-3FE44004E7B6}
	EndGlobalSection
EndGlobal
