
Microsoft Visual Studio Solution File, Format Version 12.00
# Visual Studio Version 16
VisualStudioVersion = 16.0.32228.343
MinimumVisualStudioVersion = 10.0.40219.1
Project("{FAE04EC0-301F-11D3-BF4B-00C04F79EFBC}") = "DebuggingPractice", "DebuggingPractice\DebuggingPractice.csproj", "{8E0C7C71-EDD8-492A-9F2F-C2DC1C8A799F}"
EndProject
Global
	GlobalSection(SolutionConfigurationPlatforms) = preSolution
		Debug|Any CPU = Debug|Any CPU
		Release|Any CPU = Release|Any CPU
	EndGlobalSection
	GlobalSection(ProjectConfigurationPlatforms) = postSolution
		{8E0C7C71-EDD8-492A-9F2F-C2DC1C8A799F}.Debug|Any CPU.ActiveCfg = Debug|Any CPU
		{8E0C7C71-EDD8-492A-9F2F-C2DC1C8A799F}.Debug|Any CPU.Build.0 = Debug|Any CPU
		{8E0C7C71-EDD8-492A-9F2F-C2DC1C8A799F}.Release|Any CPU.ActiveCfg = Release|Any CPU
		{8E0C7C71-EDD8-492A-9F2F-C2DC1C8A799F}.Release|Any CPU.Build.0 = Release|Any CPU
	EndGlobalSection
	GlobalSection(SolutionProperties) = preSolution
		HideSolutionNode = FALSE
	EndGlobalSection
	GlobalSection(ExtensibilityGlobals) = postSolution
		SolutionGuid = {992FDEA9-8D23-44CB-A06B-75E402D3849B}
	EndGlobalSection
EndGlobal
